
Microsoft Visual Studio Solution File, Format Version 12.00
# Visual Studio Version 17
VisualStudioVersion = 17.5.33530.505
MinimumVisualStudioVersion = 10.0.40219.1
Project("{FAE04EC0-301F-11D3-BF4B-00C04F79EFBC}") = "ManejoPresupuesto", "ManejoPresupuesto\ManejoPresupuesto.csproj", "{6146ACD1-160A-4E60-9B19-4F4FC39C9850}"
EndProject
Global
	GlobalSection(SolutionConfigurationPlatforms) = preSolution
		Debug|Any CPU = Debug|Any CPU
		Release|Any CPU = Release|Any CPU
	EndGlobalSection
	GlobalSection(ProjectConfigurationPlatforms) = postSolution
		{6146ACD1-160A-4E60-9B19-4F4FC39C9850}.Debug|Any CPU.ActiveCfg = Debug|Any CPU
		{6146ACD1-160A-4E60-9B19-4F4FC39C9850}.Debug|Any CPU.Build.0 = Debug|Any CPU
		{6146ACD1-160A-4E60-9B19-4F4FC39C9850}.Release|Any CPU.ActiveCfg = Release|Any CPU
		{6146ACD1-160A-4E60-9B19-4F4FC39C9850}.Release|Any CPU.Build.0 = Release|Any CPU
	EndGlobalSection
	GlobalSection(SolutionProperties) = preSolution
		HideSolutionNode = FALSE
	EndGlobalSection
	GlobalSection(ExtensibilityGlobals) = postSolution
		SolutionGuid = {E5F0525E-E9D9-4813-BED5-712B1EDB4F5F}
	EndGlobalSection
EndGlobal
